// !$*UTF8*$!
{
	archiveVersion = 1;
	classes = {
	};
	objectVersion = 55;
	objects = {

/* Begin PBXBuildFile section */
		4EE19E262858DF710062AE26 /* AppDelegate.swift in Sources */ = {isa = PBXBuildFile; fileRef = 4EE19E252858DF710062AE26 /* AppDelegate.swift */; };
		4EE19E282858DF710062AE26 /* SceneDelegate.swift in Sources */ = {isa = PBXBuildFile; fileRef = 4EE19E272858DF710062AE26 /* SceneDelegate.swift */; };
		4EE19E2A2858DF710062AE26 /* ViewController.swift in Sources */ = {isa = PBXBuildFile; fileRef = 4EE19E292858DF710062AE26 /* ViewController.swift */; };
		4EE19E2D2858DF710062AE26 /* Main.storyboard in Resources */ = {isa = PBXBuildFile; fileRef = 4EE19E2B2858DF710062AE26 /* Main.storyboard */; };
		4EE19E2F2858DF740062AE26 /* Assets.xcassets in Resources */ = {isa = PBXBuildFile; fileRef = 4EE19E2E2858DF740062AE26 /* Assets.xcassets */; };
		4EE19E322858DF740062AE26 /* LaunchScreen.storyboard in Resources */ = {isa = PBXBuildFile; fileRef = 4EE19E302858DF740062AE26 /* LaunchScreen.storyboard */; };
		4EE19E3D2858DF740062AE26 /* MarrytingTests.swift in Sources */ = {isa = PBXBuildFile; fileRef = 4EE19E3C2858DF740062AE26 /* MarrytingTests.swift */; };
		4EE19E472858DF740062AE26 /* MarrytingUITests.swift in Sources */ = {isa = PBXBuildFile; fileRef = 4EE19E462858DF740062AE26 /* MarrytingUITests.swift */; };
		4EE19E492858DF740062AE26 /* MarrytingUITestsLaunchTests.swift in Sources */ = {isa = PBXBuildFile; fileRef = 4EE19E482858DF740062AE26 /* MarrytingUITestsLaunchTests.swift */; };
/* End PBXBuildFile section */

/* Begin PBXContainerItemProxy section */
		4EE19E392858DF740062AE26 /* PBXContainerItemProxy */ = {
			isa = PBXContainerItemProxy;
			containerPortal = 4EE19E1A2858DF710062AE26 /* Project object */;
			proxyType = 1;
			remoteGlobalIDString = 4EE19E212858DF710062AE26;
			remoteInfo = Marryting;
		};
		4EE19E432858DF740062AE26 /* PBXContainerItemProxy */ = {
			isa = PBXContainerItemProxy;
			containerPortal = 4EE19E1A2858DF710062AE26 /* Project object */;
			proxyType = 1;
			remoteGlobalIDString = 4EE19E212858DF710062AE26;
			remoteInfo = Marryting;
		};
/* End PBXContainerItemProxy section */

/* Begin PBXFileReference section */
		4EE19E222858DF710062AE26 /* Marryting.app */ = {isa = PBXFileReference; explicitFileType = wrapper.application; includeInIndex = 0; path = Marryting.app; sourceTree = BUILT_PRODUCTS_DIR; };
		4EE19E252858DF710062AE26 /* AppDelegate.swift */ = {isa = PBXFileReference; lastKnownFileType = sourcecode.swift; path = AppDelegate.swift; sourceTree = "<group>"; };
		4EE19E272858DF710062AE26 /* SceneDelegate.swift */ = {isa = PBXFileReference; lastKnownFileType = sourcecode.swift; path = SceneDelegate.swift; sourceTree = "<group>"; };
		4EE19E292858DF710062AE26 /* ViewController.swift */ = {isa = PBXFileReference; lastKnownFileType = sourcecode.swift; path = ViewController.swift; sourceTree = "<group>"; };
		4EE19E2C2858DF710062AE26 /* Base */ = {isa = PBXFileReference; lastKnownFileType = file.storyboard; name = Base; path = Base.lproj/Main.storyboard; sourceTree = "<group>"; };
		4EE19E2E2858DF740062AE26 /* Assets.xcassets */ = {isa = PBXFileReference; lastKnownFileType = folder.assetcatalog; path = Assets.xcassets; sourceTree = "<group>"; };
		4EE19E312858DF740062AE26 /* Base */ = {isa = PBXFileReference; lastKnownFileType = file.storyboard; name = Base; path = Base.lproj/LaunchScreen.storyboard; sourceTree = "<group>"; };
		4EE19E332858DF740062AE26 /* Info.plist */ = {isa = PBXFileReference; lastKnownFileType = text.plist.xml; path = Info.plist; sourceTree = "<group>"; };
		4EE19E382858DF740062AE26 /* MarrytingTests.xctest */ = {isa = PBXFileReference; explicitFileType = wrapper.cfbundle; includeInIndex = 0; path = MarrytingTests.xctest; sourceTree = BUILT_PRODUCTS_DIR; };
		4EE19E3C2858DF740062AE26 /* MarrytingTests.swift */ = {isa = PBXFileReference; lastKnownFileType = sourcecode.swift; path = MarrytingTests.swift; sourceTree = "<group>"; };
		4EE19E422858DF740062AE26 /* MarrytingUITests.xctest */ = {isa = PBXFileReference; explicitFileType = wrapper.cfbundle; includeInIndex = 0; path = MarrytingUITests.xctest; sourceTree = BUILT_PRODUCTS_DIR; };
		4EE19E462858DF740062AE26 /* MarrytingUITests.swift */ = {isa = PBXFileReference; lastKnownFileType = sourcecode.swift; path = MarrytingUITests.swift; sourceTree = "<group>"; };
		4EE19E482858DF740062AE26 /* MarrytingUITestsLaunchTests.swift */ = {isa = PBXFileReference; lastKnownFileType = sourcecode.swift; path = MarrytingUITestsLaunchTests.swift; sourceTree = "<group>"; };
/* End PBXFileReference section */

/* Begin PBXFrameworksBuildPhase section */
		4EE19E1F2858DF710062AE26 /* Frameworks */ = {
			isa = PBXFrameworksBuildPhase;
			buildActionMask = 2147483647;
			files = (
			);
			runOnlyForDeploymentPostprocessing = 0;
		};
		4EE19E352858DF740062AE26 /* Frameworks */ = {
			isa = PBXFrameworksBuildPhase;
			buildActionMask = 2147483647;
			files = (
			);
			runOnlyForDeploymentPostprocessing = 0;
		};
		4EE19E3F2858DF740062AE26 /* Frameworks */ = {
			isa = PBXFrameworksBuildPhase;
			buildActionMask = 2147483647;
			files = (
			);
			runOnlyForDeploymentPostprocessing = 0;
		};
/* End PBXFrameworksBuildPhase section */

/* Begin PBXGroup section */
		4EE19E192858DF710062AE26 = {
			isa = PBXGroup;
			children = (
				4EE19E242858DF710062AE26 /* Marryting */,
				4EE19E3B2858DF740062AE26 /* MarrytingTests */,
				4EE19E452858DF740062AE26 /* MarrytingUITests */,
				4EE19E232858DF710062AE26 /* Products */,
			);
			sourceTree = "<group>";
		};
		4EE19E232858DF710062AE26 /* Products */ = {
			isa = PBXGroup;
			children = (
				4EE19E222858DF710062AE26 /* Marryting.app */,
				4EE19E382858DF740062AE26 /* MarrytingTests.xctest */,
				4EE19E422858DF740062AE26 /* MarrytingUITests.xctest */,
			);
			name = Products;
			sourceTree = "<group>";
		};
		4EE19E242858DF710062AE26 /* Marryting */ = {
			isa = PBXGroup;
			children = (
				4EE19E252858DF710062AE26 /* AppDelegate.swift */,
				4EE19E272858DF710062AE26 /* SceneDelegate.swift */,
				4EE19E292858DF710062AE26 /* ViewController.swift */,
				4EE19E2B2858DF710062AE26 /* Main.storyboard */,
				4EE19E2E2858DF740062AE26 /* Assets.xcassets */,
				4EE19E302858DF740062AE26 /* LaunchScreen.storyboard */,
				4EE19E332858DF740062AE26 /* Info.plist */,
			);
			path = Marryting;
			sourceTree = "<group>";
		};
		4EE19E3B2858DF740062AE26 /* MarrytingTests */ = {
			isa = PBXGroup;
			children = (
				4EE19E3C2858DF740062AE26 /* MarrytingTests.swift */,
			);
			path = MarrytingTests;
			sourceTree = "<group>";
		};
		4EE19E452858DF740062AE26 /* MarrytingUITests */ = {
			isa = PBXGroup;
			children = (
				4EE19E462858DF740062AE26 /* MarrytingUITests.swift */,
				4EE19E482858DF740062AE26 /* MarrytingUITestsLaunchTests.swift */,
			);
			path = MarrytingUITests;
			sourceTree = "<group>";
		};
/* End PBXGroup section */

/* Begin PBXNativeTarget section */
		4EE19E212858DF710062AE26 /* Marryting */ = {
			isa = PBXNativeTarget;
			buildConfigurationList = 4EE19E4C2858DF740062AE26 /* Build configuration list for PBXNativeTarget "Marryting" */;
			buildPhases = (
				4EE19E1E2858DF710062AE26 /* Sources */,
				4EE19E1F2858DF710062AE26 /* Frameworks */,
				4EE19E202858DF710062AE26 /* Resources */,
			);
			buildRules = (
			);
			dependencies = (
			);
			name = Marryting;
			productName = Marryting;
			productReference = 4EE19E222858DF710062AE26 /* Marryting.app */;
			productType = "com.apple.product-type.application";
		};
		4EE19E372858DF740062AE26 /* MarrytingTests */ = {
			isa = PBXNativeTarget;
			buildConfigurationList = 4EE19E4F2858DF740062AE26 /* Build configuration list for PBXNativeTarget "MarrytingTests" */;
			buildPhases = (
				4EE19E342858DF740062AE26 /* Sources */,
				4EE19E352858DF740062AE26 /* Frameworks */,
				4EE19E362858DF740062AE26 /* Resources */,
			);
			buildRules = (
			);
			dependencies = (
				4EE19E3A2858DF740062AE26 /* PBXTargetDependency */,
			);
			name = MarrytingTests;
			productName = MarrytingTests;
			productReference = 4EE19E382858DF740062AE26 /* MarrytingTests.xctest */;
			productType = "com.apple.product-type.bundle.unit-test";
		};
		4EE19E412858DF740062AE26 /* MarrytingUITests */ = {
			isa = PBXNativeTarget;
			buildConfigurationList = 4EE19E522858DF740062AE26 /* Build configuration list for PBXNativeTarget "MarrytingUITests" */;
			buildPhases = (
				4EE19E3E2858DF740062AE26 /* Sources */,
				4EE19E3F2858DF740062AE26 /* Frameworks */,
				4EE19E402858DF740062AE26 /* Resources */,
			);
			buildRules = (
			);
			dependencies = (
				4EE19E442858DF740062AE26 /* PBXTargetDependency */,
			);
			name = MarrytingUITests;
			productName = MarrytingUITests;
			productReference = 4EE19E422858DF740062AE26 /* MarrytingUITests.xctest */;
			productType = "com.apple.product-type.bundle.ui-testing";
		};
/* End PBXNativeTarget section */

/* Begin PBXProject section */
		4EE19E1A2858DF710062AE26 /* Project object */ = {
			isa = PBXProject;
			attributes = {
				BuildIndependentTargetsInParallel = 1;
				LastSwiftUpdateCheck = 1340;
				LastUpgradeCheck = 1340;
				TargetAttributes = {
					4EE19E212858DF710062AE26 = {
						CreatedOnToolsVersion = 13.4.1;
					};
					4EE19E372858DF740062AE26 = {
						CreatedOnToolsVersion = 13.4.1;
						TestTargetID = 4EE19E212858DF710062AE26;
					};
					4EE19E412858DF740062AE26 = {
						CreatedOnToolsVersion = 13.4.1;
						TestTargetID = 4EE19E212858DF710062AE26;
					};
				};
			};
			buildConfigurationList = 4EE19E1D2858DF710062AE26 /* Build configuration list for PBXProject "Marryting" */;
			compatibilityVersion = "Xcode 13.0";
			developmentRegion = en;
			hasScannedForEncodings = 0;
			knownRegions = (
				en,
				Base,
			);
			mainGroup = 4EE19E192858DF710062AE26;
			productRefGroup = 4EE19E232858DF710062AE26 /* Products */;
			projectDirPath = "";
			projectRoot = "";
			targets = (
				4EE19E212858DF710062AE26 /* Marryting */,
				4EE19E372858DF740062AE26 /* MarrytingTests */,
				4EE19E412858DF740062AE26 /* MarrytingUITests */,
			);
		};
/* End PBXProject section */

/* Begin PBXResourcesBuildPhase section */
		4EE19E202858DF710062AE26 /* Resources */ = {
			isa = PBXResourcesBuildPhase;
			buildActionMask = 2147483647;
			files = (
				4EE19E322858DF740062AE26 /* LaunchScreen.storyboard in Resources */,
				4EE19E2F2858DF740062AE26 /* Assets.xcassets in Resources */,
				4EE19E2D2858DF710062AE26 /* Main.storyboard in Resources */,
			);
			runOnlyForDeploymentPostprocessing = 0;
		};
		4EE19E362858DF740062AE26 /* Resources */ = {
			isa = PBXResourcesBuildPhase;
			buildActionMask = 2147483647;
			files = (
			);
			runOnlyForDeploymentPostprocessing = 0;
		};
		4EE19E402858DF740062AE26 /* Resources */ = {
			isa = PBXResourcesBuildPhase;
			buildActionMask = 2147483647;
			files = (
			);
			runOnlyForDeploymentPostprocessing = 0;
		};
/* End PBXResourcesBuildPhase section */

/* Begin PBXSourcesBuildPhase section */
		4EE19E1E2858DF710062AE26 /* Sources */ = {
			isa = PBXSourcesBuildPhase;
			buildActionMask = 2147483647;
			files = (
				4EE19E2A2858DF710062AE26 /* ViewController.swift in Sources */,
				4EE19E262858DF710062AE26 /* AppDelegate.swift in Sources */,
				4EE19E282858DF710062AE26 /* SceneDelegate.swift in Sources */,
			);
			runOnlyForDeploymentPostprocessing = 0;
		};
		4EE19E342858DF740062AE26 /* Sources */ = {
			isa = PBXSourcesBuildPhase;
			buildActionMask = 2147483647;
			files = (
				4EE19E3D2858DF740062AE26 /* MarrytingTests.swift in Sources */,
			);
			runOnlyForDeploymentPostprocessing = 0;
		};
		4EE19E3E2858DF740062AE26 /* Sources */ = {
			isa = PBXSourcesBuildPhase;
			buildActionMask = 2147483647;
			files = (
				4EE19E492858DF740062AE26 /* MarrytingUITestsLaunchTests.swift in Sources */,
				4EE19E472858DF740062AE26 /* MarrytingUITests.swift in Sources */,
			);
			runOnlyForDeploymentPostprocessing = 0;
		};
/* End PBXSourcesBuildPhase section */

/* Begin PBXTargetDependency section */
		4EE19E3A2858DF740062AE26 /* PBXTargetDependency */ = {
			isa = PBXTargetDependency;
			target = 4EE19E212858DF710062AE26 /* Marryting */;
			targetProxy = 4EE19E392858DF740062AE26 /* PBXContainerItemProxy */;
		};
		4EE19E442858DF740062AE26 /* PBXTargetDependency */ = {
			isa = PBXTargetDependency;
			target = 4EE19E212858DF710062AE26 /* Marryting */;
			targetProxy = 4EE19E432858DF740062AE26 /* PBXContainerItemProxy */;
		};
/* End PBXTargetDependency section */

/* Begin PBXVariantGroup section */
		4EE19E2B2858DF710062AE26 /* Main.storyboard */ = {
			isa = PBXVariantGroup;
			children = (
				4EE19E2C2858DF710062AE26 /* Base */,
			);
			name = Main.storyboard;
			sourceTree = "<group>";
		};
		4EE19E302858DF740062AE26 /* LaunchScreen.storyboard */ = {
			isa = PBXVariantGroup;
			children = (
				4EE19E312858DF740062AE26 /* Base */,
			);
			name = LaunchScreen.storyboard;
			sourceTree = "<group>";
		};
/* End PBXVariantGroup section */

/* Begin XCBuildConfiguration section */
		4EE19E4A2858DF740062AE26 /* Debug */ = {
			isa = XCBuildConfiguration;
			buildSettings = {
				ALWAYS_SEARCH_USER_PATHS = NO;
				CLANG_ANALYZER_NONNULL = YES;
				CLANG_ANALYZER_NUMBER_OBJECT_CONVERSION = YES_AGGRESSIVE;
				CLANG_CXX_LANGUAGE_STANDARD = "gnu++17";
				CLANG_ENABLE_MODULES = YES;
				CLANG_ENABLE_OBJC_ARC = YES;
				CLANG_ENABLE_OBJC_WEAK = YES;
				CLANG_WARN_BLOCK_CAPTURE_AUTORELEASING = YES;
				CLANG_WARN_BOOL_CONVERSION = YES;
				CLANG_WARN_COMMA = YES;
				CLANG_WARN_CONSTANT_CONVERSION = YES;
				CLANG_WARN_DEPRECATED_OBJC_IMPLEMENTATIONS = YES;
				CLANG_WARN_DIRECT_OBJC_ISA_USAGE = YES_ERROR;
				CLANG_WARN_DOCUMENTATION_COMMENTS = YES;
				CLANG_WARN_EMPTY_BODY = YES;
				CLANG_WARN_ENUM_CONVERSION = YES;
				CLANG_WARN_INFINITE_RECURSION = YES;
				CLANG_WARN_INT_CONVERSION = YES;
				CLANG_WARN_NON_LITERAL_NULL_CONVERSION = YES;
				CLANG_WARN_OBJC_IMPLICIT_RETAIN_SELF = YES;
				CLANG_WARN_OBJC_LITERAL_CONVERSION = YES;
				CLANG_WARN_OBJC_ROOT_CLASS = YES_ERROR;
				CLANG_WARN_QUOTED_INCLUDE_IN_FRAMEWORK_HEADER = YES;
				CLANG_WARN_RANGE_LOOP_ANALYSIS = YES;
				CLANG_WARN_STRICT_PROTOTYPES = YES;
				CLANG_WARN_SUSPICIOUS_MOVE = YES;
				CLANG_WARN_UNGUARDED_AVAILABILITY = YES_AGGRESSIVE;
				CLANG_WARN_UNREACHABLE_CODE = YES;
				CLANG_WARN__DUPLICATE_METHOD_MATCH = YES;
				COPY_PHASE_STRIP = NO;
				DEBUG_INFORMATION_FORMAT = dwarf;
				ENABLE_STRICT_OBJC_MSGSEND = YES;
				ENABLE_TESTABILITY = YES;
				GCC_C_LANGUAGE_STANDARD = gnu11;
				GCC_DYNAMIC_NO_PIC = NO;
				GCC_NO_COMMON_BLOCKS = YES;
				GCC_OPTIMIZATION_LEVEL = 0;
				GCC_PREPROCESSOR_DEFINITIONS = (
					"DEBUG=1",
					"$(inherited)",
				);
				GCC_WARN_64_TO_32_BIT_CONVERSION = YES;
				GCC_WARN_ABOUT_RETURN_TYPE = YES_ERROR;
				GCC_WARN_UNDECLARED_SELECTOR = YES;
				GCC_WARN_UNINITIALIZED_AUTOS = YES_AGGRESSIVE;
				GCC_WARN_UNUSED_FUNCTION = YES;
				GCC_WARN_UNUSED_VARIABLE = YES;
				IPHONEOS_DEPLOYMENT_TARGET = 13.0;
				MTL_ENABLE_DEBUG_INFO = INCLUDE_SOURCE;
				MTL_FAST_MATH = YES;
				ONLY_ACTIVE_ARCH = YES;
				SDKROOT = iphoneos;
				SWIFT_ACTIVE_COMPILATION_CONDITIONS = DEBUG;
				SWIFT_OPTIMIZATION_LEVEL = "-Onone";
			};
			name = Debug;
		};
		4EE19E4B2858DF740062AE26 /* Release */ = {
			isa = XCBuildConfiguration;
			buildSettings = {
				ALWAYS_SEARCH_USER_PATHS = NO;
				CLANG_ANALYZER_NONNULL = YES;
				CLANG_ANALYZER_NUMBER_OBJECT_CONVERSION = YES_AGGRESSIVE;
				CLANG_CXX_LANGUAGE_STANDARD = "gnu++17";
				CLANG_ENABLE_MODULES = YES;
				CLANG_ENABLE_OBJC_ARC = YES;
				CLANG_ENABLE_OBJC_WEAK = YES;
				CLANG_WARN_BLOCK_CAPTURE_AUTORELEASING = YES;
				CLANG_WARN_BOOL_CONVERSION = YES;
				CLANG_WARN_COMMA = YES;
				CLANG_WARN_CONSTANT_CONVERSION = YES;
				CLANG_WARN_DEPRECATED_OBJC_IMPLEMENTATIONS = YES;
				CLANG_WARN_DIRECT_OBJC_ISA_USAGE = YES_ERROR;
				CLANG_WARN_DOCUMENTATION_COMMENTS = YES;
				CLANG_WARN_EMPTY_BODY = YES;
				CLANG_WARN_ENUM_CONVERSION = YES;
				CLANG_WARN_INFINITE_RECURSION = YES;
				CLANG_WARN_INT_CONVERSION = YES;
				CLANG_WARN_NON_LITERAL_NULL_CONVERSION = YES;
				CLANG_WARN_OBJC_IMPLICIT_RETAIN_SELF = YES;
				CLANG_WARN_OBJC_LITERAL_CONVERSION = YES;
				CLANG_WARN_OBJC_ROOT_CLASS = YES_ERROR;
				CLANG_WARN_QUOTED_INCLUDE_IN_FRAMEWORK_HEADER = YES;
				CLANG_WARN_RANGE_LOOP_ANALYSIS = YES;
				CLANG_WARN_STRICT_PROTOTYPES = YES;
				CLANG_WARN_SUSPICIOUS_MOVE = YES;
				CLANG_WARN_UNGUARDED_AVAILABILITY = YES_AGGRESSIVE;
				CLANG_WARN_UNREACHABLE_CODE = YES;
				CLANG_WARN__DUPLICATE_METHOD_MATCH = YES;
				COPY_PHASE_STRIP = NO;
				DEBUG_INFORMATION_FORMAT = "dwarf-with-dsym";
				ENABLE_NS_ASSERTIONS = NO;
				ENABLE_STRICT_OBJC_MSGSEND = YES;
				GCC_C_LANGUAGE_STANDARD = gnu11;
				GCC_NO_COMMON_BLOCKS = YES;
				GCC_WARN_64_TO_32_BIT_CONVERSION = YES;
				GCC_WARN_ABOUT_RETURN_TYPE = YES_ERROR;
				GCC_WARN_UNDECLARED_SELECTOR = YES;
				GCC_WARN_UNINITIALIZED_AUTOS = YES_AGGRESSIVE;
				GCC_WARN_UNUSED_FUNCTION = YES;
				GCC_WARN_UNUSED_VARIABLE = YES;
				IPHONEOS_DEPLOYMENT_TARGET = 13.0;
				MTL_ENABLE_DEBUG_INFO = NO;
				MTL_FAST_MATH = YES;
				SDKROOT = iphoneos;
				SWIFT_COMPILATION_MODE = wholemodule;
				SWIFT_OPTIMIZATION_LEVEL = "-O";
				VALIDATE_PRODUCT = YES;
			};
			name = Release;
		};
		4EE19E4D2858DF740062AE26 /* Debug */ = {
			isa = XCBuildConfiguration;
			buildSettings = {
				ASSETCATALOG_COMPILER_APPICON_NAME = AppIcon;
				ASSETCATALOG_COMPILER_GLOBAL_ACCENT_COLOR_NAME = AccentColor;
				CODE_SIGN_STYLE = Automatic;
				CURRENT_PROJECT_VERSION = 1;
				GENERATE_INFOPLIST_FILE = YES;
				INFOPLIST_FILE = Marryting/Info.plist;
				INFOPLIST_KEY_UIApplicationSupportsIndirectInputEvents = YES;
				INFOPLIST_KEY_UILaunchStoryboardName = LaunchScreen;
				INFOPLIST_KEY_UIMainStoryboardFile = Main;
				INFOPLIST_KEY_UISupportedInterfaceOrientations_iPad = "UIInterfaceOrientationPortrait UIInterfaceOrientationPortraitUpsideDown UIInterfaceOrientationLandscapeLeft UIInterfaceOrientationLandscapeRight";
				INFOPLIST_KEY_UISupportedInterfaceOrientations_iPhone = "UIInterfaceOrientationPortrait UIInterfaceOrientationLandscapeLeft UIInterfaceOrientationLandscapeRight";
				LD_RUNPATH_SEARCH_PATHS = (
					"$(inherited)",
					"@executable_path/Frameworks",
				);
				MARKETING_VERSION = 1.0;
				PRODUCT_BUNDLE_IDENTIFIER = "kr.mash-up.Marryting";
				PRODUCT_NAME = "$(TARGET_NAME)";
				SWIFT_EMIT_LOC_STRINGS = YES;
				SWIFT_VERSION = 5.0;
				TARGETED_DEVICE_FAMILY = "1,2";
			};
			name = Debug;
		};
		4EE19E4E2858DF740062AE26 /* Release */ = {
			isa = XCBuildConfiguration;
			buildSettings = {
				ASSETCATALOG_COMPILER_APPICON_NAME = AppIcon;
				ASSETCATALOG_COMPILER_GLOBAL_ACCENT_COLOR_NAME = AccentColor;
				CODE_SIGN_STYLE = Automatic;
				CURRENT_PROJECT_VERSION = 1;
				GENERATE_INFOPLIST_FILE = YES;
				INFOPLIST_FILE = Marryting/Info.plist;
				INFOPLIST_KEY_UIApplicationSupportsIndirectInputEvents = YES;
				INFOPLIST_KEY_UILaunchStoryboardName = LaunchScreen;
				INFOPLIST_KEY_UIMainStoryboardFile = Main;
				INFOPLIST_KEY_UISupportedInterfaceOrientations_iPad = "UIInterfaceOrientationPortrait UIInterfaceOrientationPortraitUpsideDown UIInterfaceOrientationLandscapeLeft UIInterfaceOrientationLandscapeRight";
				INFOPLIST_KEY_UISupportedInterfaceOrientations_iPhone = "UIInterfaceOrientationPortrait UIInterfaceOrientationLandscapeLeft UIInterfaceOrientationLandscapeRight";
				LD_RUNPATH_SEARCH_PATHS = (
					"$(inherited)",
					"@executable_path/Frameworks",
				);
				MARKETING_VERSION = 1.0;
				PRODUCT_BUNDLE_IDENTIFIER = "kr.mash-up.Marryting";
				PRODUCT_NAME = "$(TARGET_NAME)";
				SWIFT_EMIT_LOC_STRINGS = YES;
				SWIFT_VERSION = 5.0;
				TARGETED_DEVICE_FAMILY = "1,2";
			};
			name = Release;
		};
		4EE19E502858DF740062AE26 /* Debug */ = {
			isa = XCBuildConfiguration;
			buildSettings = {
				ALWAYS_EMBED_SWIFT_STANDARD_LIBRARIES = YES;
				BUNDLE_LOADER = "$(TEST_HOST)";
				CODE_SIGN_STYLE = Automatic;
				CURRENT_PROJECT_VERSION = 1;
				GENERATE_INFOPLIST_FILE = YES;
				IPHONEOS_DEPLOYMENT_TARGET = 13.0;
				MARKETING_VERSION = 1.0;
				PRODUCT_BUNDLE_IDENTIFIER = "kr.mash-up.MarrytingTests";
				PRODUCT_NAME = "$(TARGET_NAME)";
				SWIFT_EMIT_LOC_STRINGS = NO;
				SWIFT_VERSION = 5.0;
				TARGETED_DEVICE_FAMILY = "1,2";
				TEST_HOST = "$(BUILT_PRODUCTS_DIR)/Marryting.app/Marryting";
			};
			name = Debug;
		};
		4EE19E512858DF740062AE26 /* Release */ = {
			isa = XCBuildConfiguration;
			buildSettings = {
				ALWAYS_EMBED_SWIFT_STANDARD_LIBRARIES = YES;
				BUNDLE_LOADER = "$(TEST_HOST)";
				CODE_SIGN_STYLE = Automatic;
				CURRENT_PROJECT_VERSION = 1;
				GENERATE_INFOPLIST_FILE = YES;
				IPHONEOS_DEPLOYMENT_TARGET = 13.0;
				MARKETING_VERSION = 1.0;
				PRODUCT_BUNDLE_IDENTIFIER = "kr.mash-up.MarrytingTests";
				PRODUCT_NAME = "$(TARGET_NAME)";
				SWIFT_EMIT_LOC_STRINGS = NO;
				SWIFT_VERSION = 5.0;
				TARGETED_DEVICE_FAMILY = "1,2";
				TEST_HOST = "$(BUILT_PRODUCTS_DIR)/Marryting.app/Marryting";
			};
			name = Release;
		};
		4EE19E532858DF740062AE26 /* Debug */ = {
			isa = XCBuildConfiguration;
			buildSettings = {
				ALWAYS_EMBED_SWIFT_STANDARD_LIBRARIES = YES;
				CODE_SIGN_STYLE = Automatic;
				CURRENT_PROJECT_VERSION = 1;
				GENERATE_INFOPLIST_FILE = YES;
				MARKETING_VERSION = 1.0;
				PRODUCT_BUNDLE_IDENTIFIER = "kr.mash-up.MarrytingUITests";
				PRODUCT_NAME = "$(TARGET_NAME)";
				SWIFT_EMIT_LOC_STRINGS = NO;
				SWIFT_VERSION = 5.0;
				TARGETED_DEVICE_FAMILY = "1,2";
				TEST_TARGET_NAME = Marryting;
			};
			name = Debug;
		};
		4EE19E542858DF740062AE26 /* Release */ = {
			isa = XCBuildConfiguration;
			buildSettings = {
				ALWAYS_EMBED_SWIFT_STANDARD_LIBRARIES = YES;
				CODE_SIGN_STYLE = Automatic;
				CURRENT_PROJECT_VERSION = 1;
				GENERATE_INFOPLIST_FILE = YES;
				MARKETING_VERSION = 1.0;
				PRODUCT_BUNDLE_IDENTIFIER = "kr.mash-up.MarrytingUITests";
				PRODUCT_NAME = "$(TARGET_NAME)";
				SWIFT_EMIT_LOC_STRINGS = NO;
				SWIFT_VERSION = 5.0;
				TARGETED_DEVICE_FAMILY = "1,2";
				TEST_TARGET_NAME = Marryting;
			};
			name = Release;
		};
/* End XCBuildConfiguration section */

/* Begin XCConfigurationList section */
		4EE19E1D2858DF710062AE26 /* Build configuration list for PBXProject "Marryting" */ = {
			isa = XCConfigurationList;
			buildConfigurations = (
				4EE19E4A2858DF740062AE26 /* Debug */,
				4EE19E4B2858DF740062AE26 /* Release */,
			);
			defaultConfigurationIsVisible = 0;
			defaultConfigurationName = Release;
		};
		4EE19E4C2858DF740062AE26 /* Build configuration list for PBXNativeTarget "Marryting" */ = {
			isa = XCConfigurationList;
			buildConfigurations = (
				4EE19E4D2858DF740062AE26 /* Debug */,
				4EE19E4E2858DF740062AE26 /* Release */,
			);
			defaultConfigurationIsVisible = 0;
			defaultConfigurationName = Release;
		};
		4EE19E4F2858DF740062AE26 /* Build configuration list for PBXNativeTarget "MarrytingTests" */ = {
			isa = XCConfigurationList;
			buildConfigurations = (
				4EE19E502858DF740062AE26 /* Debug */,
				4EE19E512858DF740062AE26 /* Release */,
			);
			defaultConfigurationIsVisible = 0;
			defaultConfigurationName = Release;
		};
		4EE19E522858DF740062AE26 /* Build configuration list for PBXNativeTarget "MarrytingUITests" */ = {
			isa = XCConfigurationList;
			buildConfigurations = (
				4EE19E532858DF740062AE26 /* Debug */,
				4EE19E542858DF740062AE26 /* Release */,
			);
			defaultConfigurationIsVisible = 0;
			defaultConfigurationName = Release;
		};
/* End XCConfigurationList section */
	};
	rootObject = 4EE19E1A2858DF710062AE26 /* Project object */;
}
